// !$*UTF8*$!
{
	archiveVersion = 1;
	classes = {
	};
	objectVersion = 46;
	objects = {

/* Begin PBXBuildFile section */
		00B9C9E81A725B9A003F52C3 /* main.m in Sources */ = {isa = PBXBuildFile; fileRef = 00B9C9E71A725B9A003F52C3 /* main.m */; };
		00B9C9EB1A725B9A003F52C3 /* AppDelegate.m in Sources */ = {isa = PBXBuildFile; fileRef = 00B9C9EA1A725B9A003F52C3 /* AppDelegate.m */; };
		00B9C9EE1A725B9A003F52C3 /* ViewController.m in Sources */ = {isa = PBXBuildFile; fileRef = 00B9C9ED1A725B9A003F52C3 /* ViewController.m */; };
		00B9C9F11A725B9A003F52C3 /* Main.storyboard in Resources */ = {isa = PBXBuildFile; fileRef = 00B9C9EF1A725B9A003F52C3 /* Main.storyboard */; };
		00B9C9F31A725B9A003F52C3 /* Images.xcassets in Resources */ = {isa = PBXBuildFile; fileRef = 00B9C9F21A725B9A003F52C3 /* Images.xcassets */; };
		00B9C9F61A725B9A003F52C3 /* LaunchScreen.xib in Resources */ = {isa = PBXBuildFile; fileRef = 00B9C9F41A725B9A003F52C3 /* LaunchScreen.xib */; };
		00B9CA021A725B9A003F52C3 /* LIPEjercicioAutolayout2Tests.m in Sources */ = {isa = PBXBuildFile; fileRef = 00B9CA011A725B9A003F52C3 /* LIPEjercicioAutolayout2Tests.m */; };
/* End PBXBuildFile section */

/* Begin PBXContainerItemProxy section */
		00B9C9FC1A725B9A003F52C3 /* PBXContainerItemProxy */ = {
			isa = PBXContainerItemProxy;
			containerPortal = 00B9C9DA1A725B9A003F52C3 /* Project object */;
			proxyType = 1;
			remoteGlobalIDString = 00B9C9E11A725B9A003F52C3;
			remoteInfo = LIPEjercicioAutolayout2;
		};
/* End PBXContainerItemProxy section */

/* Begin PBXFileReference section */
		00B9C9E21A725B9A003F52C3 /* LIPEjercicioAutolayout2.app */ = {isa = PBXFileReference; explicitFileType = wrapper.application; includeInIndex = 0; path = LIPEjercicioAutolayout2.app; sourceTree = BUILT_PRODUCTS_DIR; };
		00B9C9E61A725B9A003F52C3 /* Info.plist */ = {isa = PBXFileReference; lastKnownFileType = text.plist.xml; path = Info.plist; sourceTree = "<group>"; };
		00B9C9E71A725B9A003F52C3 /* main.m */ = {isa = PBXFileReference; lastKnownFileType = sourcecode.c.objc; path = main.m; sourceTree = "<group>"; };
		00B9C9E91A725B9A003F52C3 /* AppDelegate.h */ = {isa = PBXFileReference; lastKnownFileType = sourcecode.c.h; path = AppDelegate.h; sourceTree = "<group>"; };
		00B9C9EA1A725B9A003F52C3 /* AppDelegate.m */ = {isa = PBXFileReference; lastKnownFileType = sourcecode.c.objc; path = AppDelegate.m; sourceTree = "<group>"; };
		00B9C9EC1A725B9A003F52C3 /* ViewController.h */ = {isa = PBXFileReference; lastKnownFileType = sourcecode.c.h; path = ViewController.h; sourceTree = "<group>"; };
		00B9C9ED1A725B9A003F52C3 /* ViewController.m */ = {isa = PBXFileReference; lastKnownFileType = sourcecode.c.objc; path = ViewController.m; sourceTree = "<group>"; };
		00B9C9F01A725B9A003F52C3 /* Base */ = {isa = PBXFileReference; lastKnownFileType = file.storyboard; name = Base; path = Base.lproj/Main.storyboard; sourceTree = "<group>"; };
		00B9C9F21A725B9A003F52C3 /* Images.xcassets */ = {isa = PBXFileReference; lastKnownFileType = folder.assetcatalog; path = Images.xcassets; sourceTree = "<group>"; };
		00B9C9F51A725B9A003F52C3 /* Base */ = {isa = PBXFileReference; lastKnownFileType = file.xib; name = Base; path = Base.lproj/LaunchScreen.xib; sourceTree = "<group>"; };
		00B9C9FB1A725B9A003F52C3 /* LIPEjercicioAutolayout2Tests.xctest */ = {isa = PBXFileReference; explicitFileType = wrapper.cfbundle; includeInIndex = 0; path = LIPEjercicioAutolayout2Tests.xctest; sourceTree = BUILT_PRODUCTS_DIR; };
		00B9CA001A725B9A003F52C3 /* Info.plist */ = {isa = PBXFileReference; lastKnownFileType = text.plist.xml; path = Info.plist; sourceTree = "<group>"; };
		00B9CA011A725B9A003F52C3 /* LIPEjercicioAutolayout2Tests.m */ = {isa = PBXFileReference; lastKnownFileType = sourcecode.c.objc; path = LIPEjercicioAutolayout2Tests.m; sourceTree = "<group>"; };
/* End PBXFileReference section */

/* Begin PBXFrameworksBuildPhase section */
		00B9C9DF1A725B9A003F52C3 /* Frameworks */ = {
			isa = PBXFrameworksBuildPhase;
			buildActionMask = 2147483647;
			files = (
			);
			runOnlyForDeploymentPostprocessing = 0;
		};
		00B9C9F81A725B9A003F52C3 /* Frameworks */ = {
			isa = PBXFrameworksBuildPhase;
			buildActionMask = 2147483647;
			files = (
			);
			runOnlyForDeploymentPostprocessing = 0;
		};
/* End PBXFrameworksBuildPhase section */

/* Begin PBXGroup section */
		00B9C9D91A725B9A003F52C3 = {
			isa = PBXGroup;
			children = (
				00B9C9E41A725B9A003F52C3 /* LIPEjercicioAutolayout2 */,
				00B9C9FE1A725B9A003F52C3 /* LIPEjercicioAutolayout2Tests */,
				00B9C9E31A725B9A003F52C3 /* Products */,
			);
			sourceTree = "<group>";
		};
		00B9C9E31A725B9A003F52C3 /* Products */ = {
			isa = PBXGroup;
			children = (
				00B9C9E21A725B9A003F52C3 /* LIPEjercicioAutolayout2.app */,
				00B9C9FB1A725B9A003F52C3 /* LIPEjercicioAutolayout2Tests.xctest */,
			);
			name = Products;
			sourceTree = "<group>";
		};
		00B9C9E41A725B9A003F52C3 /* LIPEjercicioAutolayout2 */ = {
			isa = PBXGroup;
			children = (
				00B9C9E91A725B9A003F52C3 /* AppDelegate.h */,
				00B9C9EA1A725B9A003F52C3 /* AppDelegate.m */,
				00B9C9EC1A725B9A003F52C3 /* ViewController.h */,
				00B9C9ED1A725B9A003F52C3 /* ViewController.m */,
				00B9C9EF1A725B9A003F52C3 /* Main.storyboard */,
				00B9C9F21A725B9A003F52C3 /* Images.xcassets */,
				00B9C9F41A725B9A003F52C3 /* LaunchScreen.xib */,
				00B9C9E51A725B9A003F52C3 /* Supporting Files */,
			);
			path = LIPEjercicioAutolayout2;
			sourceTree = "<group>";
		};
		00B9C9E51A725B9A003F52C3 /* Supporting Files */ = {
			isa = PBXGroup;
			children = (
				00B9C9E61A725B9A003F52C3 /* Info.plist */,
				00B9C9E71A725B9A003F52C3 /* main.m */,
			);
			name = "Supporting Files";
			sourceTree = "<group>";
		};
		00B9C9FE1A725B9A003F52C3 /* LIPEjercicioAutolayout2Tests */ = {
			isa = PBXGroup;
			children = (
				00B9CA011A725B9A003F52C3 /* LIPEjercicioAutolayout2Tests.m */,
				00B9C9FF1A725B9A003F52C3 /* Supporting Files */,
			);
			path = LIPEjercicioAutolayout2Tests;
			sourceTree = "<group>";
		};
		00B9C9FF1A725B9A003F52C3 /* Supporting Files */ = {
			isa = PBXGroup;
			children = (
				00B9CA001A725B9A003F52C3 /* Info.plist */,
			);
			name = "Supporting Files";
			sourceTree = "<group>";
		};
/* End PBXGroup section */

/* Begin PBXNativeTarget section */
		00B9C9E11A725B9A003F52C3 /* LIPEjercicioAutolayout2 */ = {
			isa = PBXNativeTarget;
			buildConfigurationList = 00B9CA051A725B9A003F52C3 /* Build configuration list for PBXNativeTarget "LIPEjercicioAutolayout2" */;
			buildPhases = (
				00B9C9DE1A725B9A003F52C3 /* Sources */,
				00B9C9DF1A725B9A003F52C3 /* Frameworks */,
				00B9C9E01A725B9A003F52C3 /* Resources */,
			);
			buildRules = (
			);
			dependencies = (
			);
			name = LIPEjercicioAutolayout2;
			productName = LIPEjercicioAutolayout2;
			productReference = 00B9C9E21A725B9A003F52C3 /* LIPEjercicioAutolayout2.app */;
			productType = "com.apple.product-type.application";
		};
		00B9C9FA1A725B9A003F52C3 /* LIPEjercicioAutolayout2Tests */ = {
			isa = PBXNativeTarget;
			buildConfigurationList = 00B9CA081A725B9A003F52C3 /* Build configuration list for PBXNativeTarget "LIPEjercicioAutolayout2Tests" */;
			buildPhases = (
				00B9C9F71A725B9A003F52C3 /* Sources */,
				00B9C9F81A725B9A003F52C3 /* Frameworks */,
				00B9C9F91A725B9A003F52C3 /* Resources */,
			);
			buildRules = (
			);
			dependencies = (
				00B9C9FD1A725B9A003F52C3 /* PBXTargetDependency */,
			);
			name = LIPEjercicioAutolayout2Tests;
			productName = LIPEjercicioAutolayout2Tests;
			productReference = 00B9C9FB1A725B9A003F52C3 /* LIPEjercicioAutolayout2Tests.xctest */;
			productType = "com.apple.product-type.bundle.unit-test";
		};
/* End PBXNativeTarget section */

/* Begin PBXProject section */
		00B9C9DA1A725B9A003F52C3 /* Project object */ = {
			isa = PBXProject;
			attributes = {
				LastUpgradeCheck = 0610;
				ORGANIZATIONNAME = lip;
				TargetAttributes = {
					00B9C9E11A725B9A003F52C3 = {
						CreatedOnToolsVersion = 6.1.1;
					};
					00B9C9FA1A725B9A003F52C3 = {
						CreatedOnToolsVersion = 6.1.1;
						TestTargetID = 00B9C9E11A725B9A003F52C3;
					};
				};
			};
			buildConfigurationList = 00B9C9DD1A725B9A003F52C3 /* Build configuration list for PBXProject "LIPEjercicioAutolayout2" */;
			compatibilityVersion = "Xcode 3.2";
			developmentRegion = English;
			hasScannedForEncodings = 0;
			knownRegions = (
				en,
				Base,
			);
			mainGroup = 00B9C9D91A725B9A003F52C3;
			productRefGroup = 00B9C9E31A725B9A003F52C3 /* Products */;
			projectDirPath = "";
			projectRoot = "";
			targets = (
				00B9C9E11A725B9A003F52C3 /* LIPEjercicioAutolayout2 */,
				00B9C9FA1A725B9A003F52C3 /* LIPEjercicioAutolayout2Tests */,
			);
		};
/* End PBXProject section */

/* Begin PBXResourcesBuildPhase section */
		00B9C9E01A725B9A003F52C3 /* Resources */ = {
			isa = PBXResourcesBuildPhase;
			buildActionMask = 2147483647;
			files = (
				00B9C9F11A725B9A003F52C3 /* Main.storyboard in Resources */,
				00B9C9F61A725B9A003F52C3 /* LaunchScreen.xib in Resources */,
				00B9C9F31A725B9A003F52C3 /* Images.xcassets in Resources */,
			);
			runOnlyForDeploymentPostprocessing = 0;
		};
		00B9C9F91A725B9A003F52C3 /* Resources */ = {
			isa = PBXResourcesBuildPhase;
			buildActionMask = 2147483647;
			files = (
			);
			runOnlyForDeploymentPostprocessing = 0;
		};
/* End PBXResourcesBuildPhase section */

/* Begin PBXSourcesBuildPhase section */
		00B9C9DE1A725B9A003F52C3 /* Sources */ = {
			isa = PBXSourcesBuildPhase;
			buildActionMask = 2147483647;
			files = (
				00B9C9EE1A725B9A003F52C3 /* ViewController.m in Sources */,
				00B9C9EB1A725B9A003F52C3 /* AppDelegate.m in Sources */,
				00B9C9E81A725B9A003F52C3 /* main.m in Sources */,
			);
			runOnlyForDeploymentPostprocessing = 0;
		};
		00B9C9F71A725B9A003F52C3 /* Sources */ = {
			isa = PBXSourcesBuildPhase;
			buildActionMask = 2147483647;
			files = (
				00B9CA021A725B9A003F52C3 /* LIPEjercicioAutolayout2Tests.m in Sources */,
			);
			runOnlyForDeploymentPostprocessing = 0;
		};
/* End PBXSourcesBuildPhase section */

/* Begin PBXTargetDependency section */
		00B9C9FD1A725B9A003F52C3 /* PBXTargetDependency */ = {
			isa = PBXTargetDependency;
			target = 00B9C9E11A725B9A003F52C3 /* LIPEjercicioAutolayout2 */;
			targetProxy = 00B9C9FC1A725B9A003F52C3 /* PBXContainerItemProxy */;
		};
/* End PBXTargetDependency section */

/* Begin PBXVariantGroup section */
		00B9C9EF1A725B9A003F52C3 /* Main.storyboard */ = {
			isa = PBXVariantGroup;
			children = (
				00B9C9F01A725B9A003F52C3 /* Base */,
			);
			name = Main.storyboard;
			sourceTree = "<group>";
		};
		00B9C9F41A725B9A003F52C3 /* LaunchScreen.xib */ = {
			isa = PBXVariantGroup;
			children = (
				00B9C9F51A725B9A003F52C3 /* Base */,
			);
			name = LaunchScreen.xib;
			sourceTree = "<group>";
		};
/* End PBXVariantGroup section */

/* Begin XCBuildConfiguration section */
		00B9CA031A725B9A003F52C3 /* Debug */ = {
			isa = XCBuildConfiguration;
			buildSettings = {
				ALWAYS_SEARCH_USER_PATHS = NO;
				CLANG_CXX_LANGUAGE_STANDARD = "gnu++0x";
				CLANG_CXX_LIBRARY = "libc++";
				CLANG_ENABLE_MODULES = YES;
				CLANG_ENABLE_OBJC_ARC = YES;
				CLANG_WARN_BOOL_CONVERSION = YES;
				CLANG_WARN_CONSTANT_CONVERSION = YES;
				CLANG_WARN_DIRECT_OBJC_ISA_USAGE = YES_ERROR;
				CLANG_WARN_EMPTY_BODY = YES;
				CLANG_WARN_ENUM_CONVERSION = YES;
				CLANG_WARN_INT_CONVERSION = YES;
				CLANG_WARN_OBJC_ROOT_CLASS = YES_ERROR;
				CLANG_WARN_UNREACHABLE_CODE = YES;
				CLANG_WARN__DUPLICATE_METHOD_MATCH = YES;
				"CODE_SIGN_IDENTITY[sdk=iphoneos*]" = "iPhone Developer";
				COPY_PHASE_STRIP = NO;
				ENABLE_STRICT_OBJC_MSGSEND = YES;
				GCC_C_LANGUAGE_STANDARD = gnu99;
				GCC_DYNAMIC_NO_PIC = NO;
				GCC_OPTIMIZATION_LEVEL = 0;
				GCC_PREPROCESSOR_DEFINITIONS = (
					"DEBUG=1",
					"$(inherited)",
				);
				GCC_SYMBOLS_PRIVATE_EXTERN = NO;
				GCC_WARN_64_TO_32_BIT_CONVERSION = YES;
				GCC_WARN_ABOUT_RETURN_TYPE = YES_ERROR;
				GCC_WARN_UNDECLARED_SELECTOR = YES;
				GCC_WARN_UNINITIALIZED_AUTOS = YES_AGGRESSIVE;
				GCC_WARN_UNUSED_FUNCTION = YES;
				GCC_WARN_UNUSED_VARIABLE = YES;
				IPHONEOS_DEPLOYMENT_TARGET = 8.1;
				MTL_ENABLE_DEBUG_INFO = YES;
				ONLY_ACTIVE_ARCH = YES;
				SDKROOT = iphoneos;
			};
			name = Debug;
		};
		00B9CA041A725B9A003F52C3 /* Release */ = {
			isa = XCBuildConfiguration;
			buildSettings = {
				ALWAYS_SEARCH_USER_PATHS = NO;
				CLANG_CXX_LANGUAGE_STANDARD = "gnu++0x";
				CLANG_CXX_LIBRARY = "libc++";
				CLANG_ENABLE_MODULES = YES;
				CLANG_ENABLE_OBJC_ARC = YES;
				CLANG_WARN_BOOL_CONVERSION = YES;
				CLANG_WARN_CONSTANT_CONVERSION = YES;
				CLANG_WARN_DIRECT_OBJC_ISA_USAGE = YES_ERROR;
				CLANG_WARN_EMPTY_BODY = YES;
				CLANG_WARN_ENUM_CONVERSION = YES;
				CLANG_WARN_INT_CONVERSION = YES;
				CLANG_WARN_OBJC_ROOT_CLASS = YES_ERROR;
				CLANG_WARN_UNREACHABLE_CODE = YES;
				CLANG_WARN__DUPLICATE_METHOD_MATCH = YES;
				"CODE_SIGN_IDENTITY[sdk=iphoneos*]" = "iPhone Developer";
				COPY_PHASE_STRIP = YES;
				ENABLE_NS_ASSERTIONS = NO;
				ENABLE_STRICT_OBJC_MSGSEND = YES;
				GCC_C_LANGUAGE_STANDARD = gnu99;
				GCC_WARN_64_TO_32_BIT_CONVERSION = YES;
				GCC_WARN_ABOUT_RETURN_TYPE = YES_ERROR;
				GCC_WARN_UNDECLARED_SELECTOR = YES;
				GCC_WARN_UNINITIALIZED_AUTOS = YES_AGGRESSIVE;
				GCC_WARN_UNUSED_FUNCTION = YES;
				GCC_WARN_UNUSED_VARIABLE = YES;
				IPHONEOS_DEPLOYMENT_TARGET = 8.1;
				MTL_ENABLE_DEBUG_INFO = NO;
				SDKROOT = iphoneos;
				VALIDATE_PRODUCT = YES;
			};
			name = Release;
		};
		00B9CA061A725B9A003F52C3 /* Debug */ = {
			isa = XCBuildConfiguration;
			buildSettings = {
				ASSETCATALOG_COMPILER_APPICON_NAME = AppIcon;
				INFOPLIST_FILE = LIPEjercicioAutolayout2/Info.plist;
				LD_RUNPATH_SEARCH_PATHS = "$(inherited) @executable_path/Frameworks";
				PRODUCT_NAME = "$(TARGET_NAME)";
			};
			name = Debug;
		};
		00B9CA071A725B9A003F52C3 /* Release */ = {
			isa = XCBuildConfiguration;
			buildSettings = {
				ASSETCATALOG_COMPILER_APPICON_NAME = AppIcon;
				INFOPLIST_FILE = LIPEjercicioAutolayout2/Info.plist;
				LD_RUNPATH_SEARCH_PATHS = "$(inherited) @executable_path/Frameworks";
				PRODUCT_NAME = "$(TARGET_NAME)";
			};
			name = Release;
		};
		00B9CA091A725B9A003F52C3 /* Debug */ = {
			isa = XCBuildConfiguration;
			buildSettings = {
				BUNDLE_LOADER = "$(TEST_HOST)";
				FRAMEWORK_SEARCH_PATHS = (
					"$(SDKROOT)/Developer/Library/Frameworks",
					"$(inherited)",
				);
				GCC_PREPROCESSOR_DEFINITIONS = (
					"DEBUG=1",
					"$(inherited)",
				);
				INFOPLIST_FILE = LIPEjercicioAutolayout2Tests/Info.plist;
				LD_RUNPATH_SEARCH_PATHS = "$(inherited) @executable_path/Frameworks @loader_path/Frameworks";
				PRODUCT_NAME = "$(TARGET_NAME)";
				TEST_HOST = "$(BUILT_PRODUCTS_DIR)/LIPEjercicioAutolayout2.app/LIPEjercicioAutolayout2";
			};
			name = Debug;
		};
		00B9CA0A1A725B9A003F52C3 /* Release */ = {
			isa = XCBuildConfiguration;
			buildSettings = {
				BUNDLE_LOADER = "$(TEST_HOST)";
				FRAMEWORK_SEARCH_PATHS = (
					"$(SDKROOT)/Developer/Library/Frameworks",
					"$(inherited)",
				);
				INFOPLIST_FILE = LIPEjercicioAutolayout2Tests/Info.plist;
				LD_RUNPATH_SEARCH_PATHS = "$(inherited) @executable_path/Frameworks @loader_path/Frameworks";
				PRODUCT_NAME = "$(TARGET_NAME)";
				TEST_HOST = "$(BUILT_PRODUCTS_DIR)/LIPEjercicioAutolayout2.app/LIPEjercicioAutolayout2";
			};
			name = Release;
		};
/* End XCBuildConfiguration section */

/* Begin XCConfigurationList section */
		00B9C9DD1A725B9A003F52C3 /* Build configuration list for PBXProject "LIPEjercicioAutolayout2" */ = {
			isa = XCConfigurationList;
			buildConfigurations = (
				00B9CA031A725B9A003F52C3 /* Debug */,
				00B9CA041A725B9A003F52C3 /* Release */,
			);
			defaultConfigurationIsVisible = 0;
			defaultConfigurationName = Release;
		};
		00B9CA051A725B9A003F52C3 /* Build configuration list for PBXNativeTarget "LIPEjercicioAutolayout2" */ = {
			isa = XCConfigurationList;
			buildConfigurations = (
				00B9CA061A725B9A003F52C3 /* Debug */,
				00B9CA071A725B9A003F52C3 /* Release */,
			);
			defaultConfigurationIsVisible = 0;
		};
		00B9CA081A725B9A003F52C3 /* Build configuration list for PBXNativeTarget "LIPEjercicioAutolayout2Tests" */ = {
			isa = XCConfigurationList;
			buildConfigurations = (
				00B9CA091A725B9A003F52C3 /* Debug */,
				00B9CA0A1A725B9A003F52C3 /* Release */,
			);
			defaultConfigurationIsVisible = 0;
		};
/* End XCConfigurationList section */
	};
	rootObject = 00B9C9DA1A725B9A003F52C3 /* Project object */;
}
